
Microsoft Visual Studio Solution File, Format Version 12.00
# Visual Studio 15
VisualStudioVersion = 15.0.27428.2011
MinimumVisualStudioVersion = 10.0.40219.1
Project("{FAE04EC0-301F-11D3-BF4B-00C04F79EFBC}") = "test3", "test3\test3.csproj", "{0E6750B6-0B31-4E86-8589-9F8CCF15B427}"
EndProject
Project("{FAE04EC0-301F-11D3-BF4B-00C04F79EFBC}") = "UtilLib", "UtilLib\UtilLib.csproj", "{58C1D1E1-502D-4246-8C80-C0ABD9A1C405}"
EndProject
Global
	GlobalSection(SolutionConfigurationPlatforms) = preSolution
		Debug|Any CPU = Debug|Any CPU
		Release|Any CPU = Release|Any CPU
	EndGlobalSection
	GlobalSection(ProjectConfigurationPlatforms) = postSolution
		{0E6750B6-0B31-4E86-8589-9F8CCF15B427}.Debug|Any CPU.ActiveCfg = Debug|Any CPU
		{0E6750B6-0B31-4E86-8589-9F8CCF15B427}.Debug|Any CPU.Build.0 = Debug|Any CPU
		{0E6750B6-0B31-4E86-8589-9F8CCF15B427}.Release|Any CPU.ActiveCfg = Release|Any CPU
		{0E6750B6-0B31-4E86-8589-9F8CCF15B427}.Release|Any CPU.Build.0 = Release|Any CPU
		{58C1D1E1-502D-4246-8C80-C0ABD9A1C405}.Debug|Any CPU.ActiveCfg = Debug|Any CPU
		{58C1D1E1-502D-4246-8C80-C0ABD9A1C405}.Debug|Any CPU.Build.0 = Debug|Any CPU
		{58C1D1E1-502D-4246-8C80-C0ABD9A1C405}.Release|Any CPU.ActiveCfg = Release|Any CPU
		{58C1D1E1-502D-4246-8C80-C0ABD9A1C405}.Release|Any CPU.Build.0 = Release|Any CPU
	EndGlobalSection
	GlobalSection(SolutionProperties) = preSolution
		HideSolutionNode = FALSE
	EndGlobalSection
	GlobalSection(ExtensibilityGlobals) = postSolution
		SolutionGuid = {BC0E9528-1179-4389-ADEB-37ACAEAE10FF}
	EndGlobalSection
EndGlobal
